{
  "name": "@alexey_platkovsky/taskpilot",
  "version": "1.1.0",
  "lockfileVersion": 3,
  "requires": true,
  "packages": {
    "": {
      "name": "@alexey_platkovsky/taskpilot",
      "version": "1.1.0",
      "license": "SEE LICENSE IN LICENSE",
      "dependencies": {
        "@alexey_platkovsky/taskpilot": "^1.1.0"
      },
      "bin": {
        "taskpilot": "bin/taskpilot"
      }
    },
    "node_modules/@alexey_platkovsky/taskpilot": {
      "version": "1.1.0",
      "resolved": "https://registry.npmjs.org/@alexey_platkovsky/taskpilot/-/taskpilot-1.1.0.tgz",
      "integrity": "sha512-MaETY490bczGnggOnN+a/CUPOTYTgEzfH/37fjjMDu/IoFmmCzm38A0JizVa4Mz/RSAB/qZQfnOHCVlTtajKHA==",
      "license": "SEE LICENSE IN LICENSE",
      "bin": {
        "taskpilot": "bin/taskpilot"
      }
    }
  }
}
